
Microsoft Visual Studio Solution File, Format Version 12.00
# Visual Studio Version 17
VisualStudioVersion = 17.4.33213.308
MinimumVisualStudioVersion = 10.0.40219.1
Project("{9A19103F-16F7-4668-BE54-9A1E7A4F7556}") = "WebAPI_ASPNETCore_Dapper_eCommerce", "WebAPI_ASPNETCore_Dapper_eCommerce\WebAPI_ASPNETCore_Dapper_eCommerce.csproj", "{745E92CC-4F22-4525-BDBF-E1C4F857B15C}"
EndProject
Global
	GlobalSection(SolutionConfigurationPlatforms) = preSolution
		Debug|Any CPU = Debug|Any CPU
		Release|Any CPU = Release|Any CPU
	EndGlobalSection
	GlobalSection(ProjectConfigurationPlatforms) = postSolution
		{745E92CC-4F22-4525-BDBF-E1C4F857B15C}.Debug|Any CPU.ActiveCfg = Debug|Any CPU
		{745E92CC-4F22-4525-BDBF-E1C4F857B15C}.Debug|Any CPU.Build.0 = Debug|Any CPU
		{745E92CC-4F22-4525-BDBF-E1C4F857B15C}.Release|Any CPU.ActiveCfg = Release|Any CPU
		{745E92CC-4F22-4525-BDBF-E1C4F857B15C}.Release|Any CPU.Build.0 = Release|Any CPU
	EndGlobalSection
	GlobalSection(SolutionProperties) = preSolution
		HideSolutionNode = FALSE
	EndGlobalSection
	GlobalSection(ExtensibilityGlobals) = postSolution
		SolutionGuid = {A7725475-48A1-489E-901C-628FDD75FA65}
	EndGlobalSection
EndGlobal
